
Microsoft Visual Studio Solution File, Format Version 12.00
# Visual Studio Version 16
VisualStudioVersion = 16.0.31321.278
MinimumVisualStudioVersion = 10.0.40219.1
Project("{FAE04EC0-301F-11D3-BF4B-00C04F79EFBC}") = "drugi zadatak", "drugi zadatak\drugi zadatak.csproj", "{AB055EDC-6A90-449F-A78A-AA5F7539752E}"
EndProject
Global
	GlobalSection(SolutionConfigurationPlatforms) = preSolution
		Debug|Any CPU = Debug|Any CPU
		Release|Any CPU = Release|Any CPU
	EndGlobalSection
	GlobalSection(ProjectConfigurationPlatforms) = postSolution
		{AB055EDC-6A90-449F-A78A-AA5F7539752E}.Debug|Any CPU.ActiveCfg = Debug|Any CPU
		{AB055EDC-6A90-449F-A78A-AA5F7539752E}.Debug|Any CPU.Build.0 = Debug|Any CPU
		{AB055EDC-6A90-449F-A78A-AA5F7539752E}.Release|Any CPU.ActiveCfg = Release|Any CPU
		{AB055EDC-6A90-449F-A78A-AA5F7539752E}.Release|Any CPU.Build.0 = Release|Any CPU
	EndGlobalSection
	GlobalSection(SolutionProperties) = preSolution
		HideSolutionNode = FALSE
	EndGlobalSection
	GlobalSection(ExtensibilityGlobals) = postSolution
		SolutionGuid = {87A45E9F-5D78-4314-A5FC-5AAD20905433}
	EndGlobalSection
EndGlobal
