
Microsoft Visual Studio Solution File, Format Version 12.00
# Visual Studio Version 16
VisualStudioVersion = 16.0.31410.357
MinimumVisualStudioVersion = 10.0.40219.1
Project("{FAE04EC0-301F-11D3-BF4B-00C04F79EFBC}") = "family_kids_grandkids", "family_kids_grandkids\family_kids_grandkids.csproj", "{DE2EFD17-4DDD-4706-BC19-CF784020576D}"
EndProject
Global
	GlobalSection(SolutionConfigurationPlatforms) = preSolution
		Debug|Any CPU = Debug|Any CPU
		Release|Any CPU = Release|Any CPU
	EndGlobalSection
	GlobalSection(ProjectConfigurationPlatforms) = postSolution
		{DE2EFD17-4DDD-4706-BC19-CF784020576D}.Debug|Any CPU.ActiveCfg = Debug|Any CPU
		{DE2EFD17-4DDD-4706-BC19-CF784020576D}.Debug|Any CPU.Build.0 = Debug|Any CPU
		{DE2EFD17-4DDD-4706-BC19-CF784020576D}.Release|Any CPU.ActiveCfg = Release|Any CPU
		{DE2EFD17-4DDD-4706-BC19-CF784020576D}.Release|Any CPU.Build.0 = Release|Any CPU
	EndGlobalSection
	GlobalSection(SolutionProperties) = preSolution
		HideSolutionNode = FALSE
	EndGlobalSection
	GlobalSection(ExtensibilityGlobals) = postSolution
		SolutionGuid = {D5889C91-189D-4EE4-B37C-BB7B80EB7029}
	EndGlobalSection
EndGlobal
