
Microsoft Visual Studio Solution File, Format Version 12.00
# Visual Studio Version 16
VisualStudioVersion = 16.0.31321.278
MinimumVisualStudioVersion = 10.0.40219.1
Project("{9A19103F-16F7-4668-BE54-9A1E7A4F7556}") = "integer _list_merge", "prvi_array_list_zadatak_convert\integer _list_merge.csproj", "{62DF0606-EB0A-472F-868A-8630883CE53C}"
EndProject
Global
	GlobalSection(SolutionConfigurationPlatforms) = preSolution
		Debug|Any CPU = Debug|Any CPU
		Release|Any CPU = Release|Any CPU
	EndGlobalSection
	GlobalSection(ProjectConfigurationPlatforms) = postSolution
		{62DF0606-EB0A-472F-868A-8630883CE53C}.Debug|Any CPU.ActiveCfg = Debug|Any CPU
		{62DF0606-EB0A-472F-868A-8630883CE53C}.Debug|Any CPU.Build.0 = Debug|Any CPU
		{62DF0606-EB0A-472F-868A-8630883CE53C}.Release|Any CPU.ActiveCfg = Release|Any CPU
		{62DF0606-EB0A-472F-868A-8630883CE53C}.Release|Any CPU.Build.0 = Release|Any CPU
	EndGlobalSection
	GlobalSection(SolutionProperties) = preSolution
		HideSolutionNode = FALSE
	EndGlobalSection
	GlobalSection(ExtensibilityGlobals) = postSolution
		SolutionGuid = {E02C729F-B03B-4549-9644-25416F763D66}
	EndGlobalSection
EndGlobal
