
Microsoft Visual Studio Solution File, Format Version 12.00
# Visual Studio Version 16
VisualStudioVersion = 16.0.31402.337
MinimumVisualStudioVersion = 10.0.40219.1
Project("{9A19103F-16F7-4668-BE54-9A1E7A4F7556}") = "grade_single", "grade_single\grade_single.csproj", "{A0779A63-AD08-479B-8254-4C8C79E83433}"
EndProject
Global
	GlobalSection(SolutionConfigurationPlatforms) = preSolution
		Debug|Any CPU = Debug|Any CPU
		Release|Any CPU = Release|Any CPU
	EndGlobalSection
	GlobalSection(ProjectConfigurationPlatforms) = postSolution
		{A0779A63-AD08-479B-8254-4C8C79E83433}.Debug|Any CPU.ActiveCfg = Debug|Any CPU
		{A0779A63-AD08-479B-8254-4C8C79E83433}.Debug|Any CPU.Build.0 = Debug|Any CPU
		{A0779A63-AD08-479B-8254-4C8C79E83433}.Release|Any CPU.ActiveCfg = Release|Any CPU
		{A0779A63-AD08-479B-8254-4C8C79E83433}.Release|Any CPU.Build.0 = Release|Any CPU
	EndGlobalSection
	GlobalSection(SolutionProperties) = preSolution
		HideSolutionNode = FALSE
	EndGlobalSection
	GlobalSection(ExtensibilityGlobals) = postSolution
		SolutionGuid = {471E122C-9DA6-4C40-8180-E147FBFC4185}
	EndGlobalSection
EndGlobal
