
Microsoft Visual Studio Solution File, Format Version 12.00
# Visual Studio Version 16
VisualStudioVersion = 16.0.31410.357
MinimumVisualStudioVersion = 10.0.40219.1
Project("{FAE04EC0-301F-11D3-BF4B-00C04F79EFBC}") = "Animals_Robots", "Animals_Robots.csproj", "{44B8FF10-AFD2-47C1-B0EB-DCCFF5DEF072}"
EndProject
Global
	GlobalSection(SolutionConfigurationPlatforms) = preSolution
		Debug|Any CPU = Debug|Any CPU
		Release|Any CPU = Release|Any CPU
	EndGlobalSection
	GlobalSection(ProjectConfigurationPlatforms) = postSolution
		{44B8FF10-AFD2-47C1-B0EB-DCCFF5DEF072}.Debug|Any CPU.ActiveCfg = Debug|Any CPU
		{44B8FF10-AFD2-47C1-B0EB-DCCFF5DEF072}.Debug|Any CPU.Build.0 = Debug|Any CPU
		{44B8FF10-AFD2-47C1-B0EB-DCCFF5DEF072}.Release|Any CPU.ActiveCfg = Release|Any CPU
		{44B8FF10-AFD2-47C1-B0EB-DCCFF5DEF072}.Release|Any CPU.Build.0 = Release|Any CPU
	EndGlobalSection
	GlobalSection(SolutionProperties) = preSolution
		HideSolutionNode = FALSE
	EndGlobalSection
	GlobalSection(ExtensibilityGlobals) = postSolution
		SolutionGuid = {F2DC733F-B20E-4844-BD41-41E241E6CF73}
	EndGlobalSection
EndGlobal
