
Microsoft Visual Studio Solution File, Format Version 12.00
# Visual Studio Version 16
VisualStudioVersion = 16.0.31410.357
MinimumVisualStudioVersion = 10.0.40219.1
Project("{FAE04EC0-301F-11D3-BF4B-00C04F79EFBC}") = "Archery_FMWP", "Archery_FMWP.csproj", "{1E7FC4F8-2031-43D8-9ED8-B23C45F8CD7E}"
EndProject
Global
	GlobalSection(SolutionConfigurationPlatforms) = preSolution
		Debug|Any CPU = Debug|Any CPU
		Release|Any CPU = Release|Any CPU
	EndGlobalSection
	GlobalSection(ProjectConfigurationPlatforms) = postSolution
		{1E7FC4F8-2031-43D8-9ED8-B23C45F8CD7E}.Debug|Any CPU.ActiveCfg = Debug|Any CPU
		{1E7FC4F8-2031-43D8-9ED8-B23C45F8CD7E}.Debug|Any CPU.Build.0 = Debug|Any CPU
		{1E7FC4F8-2031-43D8-9ED8-B23C45F8CD7E}.Release|Any CPU.ActiveCfg = Release|Any CPU
		{1E7FC4F8-2031-43D8-9ED8-B23C45F8CD7E}.Release|Any CPU.Build.0 = Release|Any CPU
	EndGlobalSection
	GlobalSection(SolutionProperties) = preSolution
		HideSolutionNode = FALSE
	EndGlobalSection
	GlobalSection(ExtensibilityGlobals) = postSolution
		SolutionGuid = {5ED10D02-AFF3-449D-BE20-9E12BD7305D6}
	EndGlobalSection
EndGlobal
