
Microsoft Visual Studio Solution File, Format Version 12.00
# Visual Studio Version 16
VisualStudioVersion = 16.0.31129.286
MinimumVisualStudioVersion = 10.0.40219.1
Project("{FAE04EC0-301F-11D3-BF4B-00C04F79EFBC}") = "djole_array_zadatak3", "djole_array_zadatak3\djole_array_zadatak3.csproj", "{5B5BEC8F-D381-440A-AD0E-3E8D338BC45A}"
EndProject
Global
	GlobalSection(SolutionConfigurationPlatforms) = preSolution
		Debug|Any CPU = Debug|Any CPU
		Release|Any CPU = Release|Any CPU
	EndGlobalSection
	GlobalSection(ProjectConfigurationPlatforms) = postSolution
		{5B5BEC8F-D381-440A-AD0E-3E8D338BC45A}.Debug|Any CPU.ActiveCfg = Debug|Any CPU
		{5B5BEC8F-D381-440A-AD0E-3E8D338BC45A}.Debug|Any CPU.Build.0 = Debug|Any CPU
		{5B5BEC8F-D381-440A-AD0E-3E8D338BC45A}.Release|Any CPU.ActiveCfg = Release|Any CPU
		{5B5BEC8F-D381-440A-AD0E-3E8D338BC45A}.Release|Any CPU.Build.0 = Release|Any CPU
	EndGlobalSection
	GlobalSection(SolutionProperties) = preSolution
		HideSolutionNode = FALSE
	EndGlobalSection
	GlobalSection(ExtensibilityGlobals) = postSolution
		SolutionGuid = {35FFC447-0460-4227-9736-B2AB9E4DE24E}
	EndGlobalSection
EndGlobal
