
Microsoft Visual Studio Solution File, Format Version 12.00
# Visual Studio Version 16
VisualStudioVersion = 16.0.31129.286
MinimumVisualStudioVersion = 10.0.40219.1
Project("{FAE04EC0-301F-11D3-BF4B-00C04F79EFBC}") = "djole_string_zadatak_1_switch", "djole_string_zadatak_1_switch\djole_string_zadatak_1_switch.csproj", "{0B423651-B3F8-4B12-A4D1-DB58E5C7C55A}"
EndProject
Global
	GlobalSection(SolutionConfigurationPlatforms) = preSolution
		Debug|Any CPU = Debug|Any CPU
		Release|Any CPU = Release|Any CPU
	EndGlobalSection
	GlobalSection(ProjectConfigurationPlatforms) = postSolution
		{0B423651-B3F8-4B12-A4D1-DB58E5C7C55A}.Debug|Any CPU.ActiveCfg = Debug|Any CPU
		{0B423651-B3F8-4B12-A4D1-DB58E5C7C55A}.Debug|Any CPU.Build.0 = Debug|Any CPU
		{0B423651-B3F8-4B12-A4D1-DB58E5C7C55A}.Release|Any CPU.ActiveCfg = Release|Any CPU
		{0B423651-B3F8-4B12-A4D1-DB58E5C7C55A}.Release|Any CPU.Build.0 = Release|Any CPU
	EndGlobalSection
	GlobalSection(SolutionProperties) = preSolution
		HideSolutionNode = FALSE
	EndGlobalSection
	GlobalSection(ExtensibilityGlobals) = postSolution
		SolutionGuid = {292CEA1E-9F15-4E7A-A26F-6DCA0659516A}
	EndGlobalSection
EndGlobal
