
Microsoft Visual Studio Solution File, Format Version 12.00
# Visual Studio Version 16
VisualStudioVersion = 16.0.31410.357
MinimumVisualStudioVersion = 10.0.40219.1
Project("{9A19103F-16F7-4668-BE54-9A1E7A4F7556}") = "Customs", "Customs.csproj", "{3881CB2B-CCDB-4528-AF22-C1A8676468E6}"
EndProject
Global
	GlobalSection(SolutionConfigurationPlatforms) = preSolution
		Debug|Any CPU = Debug|Any CPU
		Release|Any CPU = Release|Any CPU
	EndGlobalSection
	GlobalSection(ProjectConfigurationPlatforms) = postSolution
		{3881CB2B-CCDB-4528-AF22-C1A8676468E6}.Debug|Any CPU.ActiveCfg = Debug|Any CPU
		{3881CB2B-CCDB-4528-AF22-C1A8676468E6}.Debug|Any CPU.Build.0 = Debug|Any CPU
		{3881CB2B-CCDB-4528-AF22-C1A8676468E6}.Release|Any CPU.ActiveCfg = Release|Any CPU
		{3881CB2B-CCDB-4528-AF22-C1A8676468E6}.Release|Any CPU.Build.0 = Release|Any CPU
	EndGlobalSection
	GlobalSection(SolutionProperties) = preSolution
		HideSolutionNode = FALSE
	EndGlobalSection
	GlobalSection(ExtensibilityGlobals) = postSolution
		SolutionGuid = {F0956A5D-14B5-4476-B710-82A93BB69037}
	EndGlobalSection
EndGlobal
