
Microsoft Visual Studio Solution File, Format Version 12.00
# Visual Studio Version 16
VisualStudioVersion = 16.0.31402.337
MinimumVisualStudioVersion = 10.0.40219.1
Project("{FAE04EC0-301F-11D3-BF4B-00C04F79EFBC}") = "array_to_list_function", "array_to_list_function\array_to_list_function.csproj", "{4B30EFF9-570B-43C2-8E6C-9FBF01575BC4}"
EndProject
Global
	GlobalSection(SolutionConfigurationPlatforms) = preSolution
		Debug|Any CPU = Debug|Any CPU
		Release|Any CPU = Release|Any CPU
	EndGlobalSection
	GlobalSection(ProjectConfigurationPlatforms) = postSolution
		{4B30EFF9-570B-43C2-8E6C-9FBF01575BC4}.Debug|Any CPU.ActiveCfg = Debug|Any CPU
		{4B30EFF9-570B-43C2-8E6C-9FBF01575BC4}.Debug|Any CPU.Build.0 = Debug|Any CPU
		{4B30EFF9-570B-43C2-8E6C-9FBF01575BC4}.Release|Any CPU.ActiveCfg = Release|Any CPU
		{4B30EFF9-570B-43C2-8E6C-9FBF01575BC4}.Release|Any CPU.Build.0 = Release|Any CPU
	EndGlobalSection
	GlobalSection(SolutionProperties) = preSolution
		HideSolutionNode = FALSE
	EndGlobalSection
	GlobalSection(ExtensibilityGlobals) = postSolution
		SolutionGuid = {93AA2D86-286E-4CF1-B704-1C0D2AA2831E}
	EndGlobalSection
EndGlobal
