
Microsoft Visual Studio Solution File, Format Version 12.00
# Visual Studio Version 16
VisualStudioVersion = 16.0.31410.357
MinimumVisualStudioVersion = 10.0.40219.1
Project("{FAE04EC0-301F-11D3-BF4B-00C04F79EFBC}") = "converter_of_seconds", "converter_of_seconds\converter_of_seconds.csproj", "{4AE03B2B-804F-485E-AB0D-D1A60F5259B0}"
EndProject
Global
	GlobalSection(SolutionConfigurationPlatforms) = preSolution
		Debug|Any CPU = Debug|Any CPU
		Release|Any CPU = Release|Any CPU
	EndGlobalSection
	GlobalSection(ProjectConfigurationPlatforms) = postSolution
		{4AE03B2B-804F-485E-AB0D-D1A60F5259B0}.Debug|Any CPU.ActiveCfg = Debug|Any CPU
		{4AE03B2B-804F-485E-AB0D-D1A60F5259B0}.Debug|Any CPU.Build.0 = Debug|Any CPU
		{4AE03B2B-804F-485E-AB0D-D1A60F5259B0}.Release|Any CPU.ActiveCfg = Release|Any CPU
		{4AE03B2B-804F-485E-AB0D-D1A60F5259B0}.Release|Any CPU.Build.0 = Release|Any CPU
	EndGlobalSection
	GlobalSection(SolutionProperties) = preSolution
		HideSolutionNode = FALSE
	EndGlobalSection
	GlobalSection(ExtensibilityGlobals) = postSolution
		SolutionGuid = {67DF8816-8A19-4F15-9665-1489ED1FF252}
	EndGlobalSection
EndGlobal
