
Microsoft Visual Studio Solution File, Format Version 12.00
# Visual Studio Version 16
VisualStudioVersion = 16.0.31321.278
MinimumVisualStudioVersion = 10.0.40219.1
Project("{FAE04EC0-301F-11D3-BF4B-00C04F79EFBC}") = "list_find_substring", "list_find_substring\list_find_substring.csproj", "{AE78EEDB-F4F1-49C4-983A-F8E41D6D0EA6}"
EndProject
Project("{9A19103F-16F7-4668-BE54-9A1E7A4F7556}") = "djole_string_array_zadatak_5", "..\djole_string_array_zadatak_5\djole_string_array_zadatak_5\djole_string_array_zadatak_5.csproj", "{407ADBFA-4BE9-483E-865B-D1CE7EC54D18}"
EndProject
Global
	GlobalSection(SolutionConfigurationPlatforms) = preSolution
		Debug|Any CPU = Debug|Any CPU
		Release|Any CPU = Release|Any CPU
	EndGlobalSection
	GlobalSection(ProjectConfigurationPlatforms) = postSolution
		{AE78EEDB-F4F1-49C4-983A-F8E41D6D0EA6}.Debug|Any CPU.ActiveCfg = Debug|Any CPU
		{AE78EEDB-F4F1-49C4-983A-F8E41D6D0EA6}.Debug|Any CPU.Build.0 = Debug|Any CPU
		{AE78EEDB-F4F1-49C4-983A-F8E41D6D0EA6}.Release|Any CPU.ActiveCfg = Release|Any CPU
		{AE78EEDB-F4F1-49C4-983A-F8E41D6D0EA6}.Release|Any CPU.Build.0 = Release|Any CPU
		{407ADBFA-4BE9-483E-865B-D1CE7EC54D18}.Debug|Any CPU.ActiveCfg = Debug|Any CPU
		{407ADBFA-4BE9-483E-865B-D1CE7EC54D18}.Debug|Any CPU.Build.0 = Debug|Any CPU
		{407ADBFA-4BE9-483E-865B-D1CE7EC54D18}.Release|Any CPU.ActiveCfg = Release|Any CPU
		{407ADBFA-4BE9-483E-865B-D1CE7EC54D18}.Release|Any CPU.Build.0 = Release|Any CPU
	EndGlobalSection
	GlobalSection(SolutionProperties) = preSolution
		HideSolutionNode = FALSE
	EndGlobalSection
	GlobalSection(ExtensibilityGlobals) = postSolution
		SolutionGuid = {B976E805-A3A9-4BDC-864C-26B739ED8789}
	EndGlobalSection
EndGlobal
