
Microsoft Visual Studio Solution File, Format Version 12.00
# Visual Studio Version 16
VisualStudioVersion = 16.0.31129.286
MinimumVisualStudioVersion = 10.0.40219.1
Project("{FAE04EC0-301F-11D3-BF4B-00C04F79EFBC}") = "djole_array_zadatak2", "djole_array_zadatak2\djole_array_zadatak2.csproj", "{D318D57D-A93E-4134-8B05-195A88B68474}"
EndProject
Global
	GlobalSection(SolutionConfigurationPlatforms) = preSolution
		Debug|Any CPU = Debug|Any CPU
		Release|Any CPU = Release|Any CPU
	EndGlobalSection
	GlobalSection(ProjectConfigurationPlatforms) = postSolution
		{D318D57D-A93E-4134-8B05-195A88B68474}.Debug|Any CPU.ActiveCfg = Debug|Any CPU
		{D318D57D-A93E-4134-8B05-195A88B68474}.Debug|Any CPU.Build.0 = Debug|Any CPU
		{D318D57D-A93E-4134-8B05-195A88B68474}.Release|Any CPU.ActiveCfg = Release|Any CPU
		{D318D57D-A93E-4134-8B05-195A88B68474}.Release|Any CPU.Build.0 = Release|Any CPU
	EndGlobalSection
	GlobalSection(SolutionProperties) = preSolution
		HideSolutionNode = FALSE
	EndGlobalSection
	GlobalSection(ExtensibilityGlobals) = postSolution
		SolutionGuid = {87B910E7-556A-4DD9-988E-C1F5F8EE5DBC}
	EndGlobalSection
EndGlobal
