
Microsoft Visual Studio Solution File, Format Version 12.00
# Visual Studio Version 16
VisualStudioVersion = 16.0.31129.286
MinimumVisualStudioVersion = 10.0.40219.1
Project("{FAE04EC0-301F-11D3-BF4B-00C04F79EFBC}") = "djole_array_zadatak9", "djole_array_zadatak9\djole_array_zadatak9.csproj", "{97B3E0BA-AE33-41F6-9135-14D14D7350C0}"
EndProject
Global
	GlobalSection(SolutionConfigurationPlatforms) = preSolution
		Debug|Any CPU = Debug|Any CPU
		Release|Any CPU = Release|Any CPU
	EndGlobalSection
	GlobalSection(ProjectConfigurationPlatforms) = postSolution
		{97B3E0BA-AE33-41F6-9135-14D14D7350C0}.Debug|Any CPU.ActiveCfg = Debug|Any CPU
		{97B3E0BA-AE33-41F6-9135-14D14D7350C0}.Debug|Any CPU.Build.0 = Debug|Any CPU
		{97B3E0BA-AE33-41F6-9135-14D14D7350C0}.Release|Any CPU.ActiveCfg = Release|Any CPU
		{97B3E0BA-AE33-41F6-9135-14D14D7350C0}.Release|Any CPU.Build.0 = Release|Any CPU
	EndGlobalSection
	GlobalSection(SolutionProperties) = preSolution
		HideSolutionNode = FALSE
	EndGlobalSection
	GlobalSection(ExtensibilityGlobals) = postSolution
		SolutionGuid = {7CA295D4-FED0-404D-93CB-5DE96D6F488D}
	EndGlobalSection
EndGlobal
