
Microsoft Visual Studio Solution File, Format Version 12.00
# Visual Studio Version 16
VisualStudioVersion = 16.0.31129.286
MinimumVisualStudioVersion = 10.0.40219.1
Project("{FAE04EC0-301F-11D3-BF4B-00C04F79EFBC}") = "arraystringreversesmislenije", "arraystringreversesmislenije\arraystringreversesmislenije.csproj", "{3431ED33-9A7B-4CE5-B195-312027018478}"
EndProject
Global
	GlobalSection(SolutionConfigurationPlatforms) = preSolution
		Debug|Any CPU = Debug|Any CPU
		Release|Any CPU = Release|Any CPU
	EndGlobalSection
	GlobalSection(ProjectConfigurationPlatforms) = postSolution
		{3431ED33-9A7B-4CE5-B195-312027018478}.Debug|Any CPU.ActiveCfg = Debug|Any CPU
		{3431ED33-9A7B-4CE5-B195-312027018478}.Debug|Any CPU.Build.0 = Debug|Any CPU
		{3431ED33-9A7B-4CE5-B195-312027018478}.Release|Any CPU.ActiveCfg = Release|Any CPU
		{3431ED33-9A7B-4CE5-B195-312027018478}.Release|Any CPU.Build.0 = Release|Any CPU
	EndGlobalSection
	GlobalSection(SolutionProperties) = preSolution
		HideSolutionNode = FALSE
	EndGlobalSection
	GlobalSection(ExtensibilityGlobals) = postSolution
		SolutionGuid = {E631B176-8F6C-4AC0-99A4-91C4B8E1C987}
	EndGlobalSection
EndGlobal
