
Microsoft Visual Studio Solution File, Format Version 12.00
# Visual Studio Version 16
VisualStudioVersion = 16.0.31410.357
MinimumVisualStudioVersion = 10.0.40219.1
Project("{9A19103F-16F7-4668-BE54-9A1E7A4F7556}") = "MagicDestroyers", "MagicDestroyers\MagicDestroyers.csproj", "{B85B6033-EB8D-486E-8B46-113C292AD639}"
EndProject
Global
	GlobalSection(SolutionConfigurationPlatforms) = preSolution
		Debug|Any CPU = Debug|Any CPU
		Release|Any CPU = Release|Any CPU
	EndGlobalSection
	GlobalSection(ProjectConfigurationPlatforms) = postSolution
		{B85B6033-EB8D-486E-8B46-113C292AD639}.Debug|Any CPU.ActiveCfg = Debug|Any CPU
		{B85B6033-EB8D-486E-8B46-113C292AD639}.Debug|Any CPU.Build.0 = Debug|Any CPU
		{B85B6033-EB8D-486E-8B46-113C292AD639}.Release|Any CPU.ActiveCfg = Release|Any CPU
		{B85B6033-EB8D-486E-8B46-113C292AD639}.Release|Any CPU.Build.0 = Release|Any CPU
	EndGlobalSection
	GlobalSection(SolutionProperties) = preSolution
		HideSolutionNode = FALSE
	EndGlobalSection
	GlobalSection(ExtensibilityGlobals) = postSolution
		SolutionGuid = {53B9466D-15F2-4A2F-A82E-B7BCE1265163}
	EndGlobalSection
EndGlobal
