
Microsoft Visual Studio Solution File, Format Version 12.00
# Visual Studio Version 16
VisualStudioVersion = 16.0.31321.278
MinimumVisualStudioVersion = 10.0.40219.1
Project("{FAE04EC0-301F-11D3-BF4B-00C04F79EFBC}") = "arraymergetestconc", "arraymergetestconc\arraymergetestconc.csproj", "{FFFA42F9-D14C-45C7-B46E-D8A8540A1389}"
EndProject
Global
	GlobalSection(SolutionConfigurationPlatforms) = preSolution
		Debug|Any CPU = Debug|Any CPU
		Release|Any CPU = Release|Any CPU
	EndGlobalSection
	GlobalSection(ProjectConfigurationPlatforms) = postSolution
		{FFFA42F9-D14C-45C7-B46E-D8A8540A1389}.Debug|Any CPU.ActiveCfg = Debug|Any CPU
		{FFFA42F9-D14C-45C7-B46E-D8A8540A1389}.Debug|Any CPU.Build.0 = Debug|Any CPU
		{FFFA42F9-D14C-45C7-B46E-D8A8540A1389}.Release|Any CPU.ActiveCfg = Release|Any CPU
		{FFFA42F9-D14C-45C7-B46E-D8A8540A1389}.Release|Any CPU.Build.0 = Release|Any CPU
	EndGlobalSection
	GlobalSection(SolutionProperties) = preSolution
		HideSolutionNode = FALSE
	EndGlobalSection
	GlobalSection(ExtensibilityGlobals) = postSolution
		SolutionGuid = {CA939D1F-9EAA-4D5C-9ECD-8F2805184074}
	EndGlobalSection
EndGlobal
