
Microsoft Visual Studio Solution File, Format Version 12.00
# Visual Studio Version 16
VisualStudioVersion = 16.0.31321.278
MinimumVisualStudioVersion = 10.0.40219.1
Project("{FAE04EC0-301F-11D3-BF4B-00C04F79EFBC}") = "djole_functions_zadatak1", "djole_functions_zadatak1\djole_functions_zadatak1.csproj", "{81F4A4E1-0548-466A-B99D-BBEBA1318255}"
EndProject
Global
	GlobalSection(SolutionConfigurationPlatforms) = preSolution
		Debug|Any CPU = Debug|Any CPU
		Release|Any CPU = Release|Any CPU
	EndGlobalSection
	GlobalSection(ProjectConfigurationPlatforms) = postSolution
		{81F4A4E1-0548-466A-B99D-BBEBA1318255}.Debug|Any CPU.ActiveCfg = Debug|Any CPU
		{81F4A4E1-0548-466A-B99D-BBEBA1318255}.Debug|Any CPU.Build.0 = Debug|Any CPU
		{81F4A4E1-0548-466A-B99D-BBEBA1318255}.Release|Any CPU.ActiveCfg = Release|Any CPU
		{81F4A4E1-0548-466A-B99D-BBEBA1318255}.Release|Any CPU.Build.0 = Release|Any CPU
	EndGlobalSection
	GlobalSection(SolutionProperties) = preSolution
		HideSolutionNode = FALSE
	EndGlobalSection
	GlobalSection(ExtensibilityGlobals) = postSolution
		SolutionGuid = {31A5D1F4-4472-48AD-802A-A17EA37BDF7F}
	EndGlobalSection
EndGlobal
