
Microsoft Visual Studio Solution File, Format Version 12.00
# Visual Studio Version 16
VisualStudioVersion = 16.0.31129.286
MinimumVisualStudioVersion = 10.0.40219.1
Project("{9A19103F-16F7-4668-BE54-9A1E7A4F7556}") = "djole_array_zadatak4", "djole_array_zadatak4\djole_array_zadatak4.csproj", "{265DB8CE-5C4C-4F71-89A1-01A231120302}"
EndProject
Project("{FAE04EC0-301F-11D3-BF4B-00C04F79EFBC}") = "zamena mesta", "zamena mesta\zamena mesta.csproj", "{4A48B7DB-6795-42A4-B824-E32475A2FC2B}"
EndProject
Global
	GlobalSection(SolutionConfigurationPlatforms) = preSolution
		Debug|Any CPU = Debug|Any CPU
		Release|Any CPU = Release|Any CPU
	EndGlobalSection
	GlobalSection(ProjectConfigurationPlatforms) = postSolution
		{265DB8CE-5C4C-4F71-89A1-01A231120302}.Debug|Any CPU.ActiveCfg = Debug|Any CPU
		{265DB8CE-5C4C-4F71-89A1-01A231120302}.Debug|Any CPU.Build.0 = Debug|Any CPU
		{265DB8CE-5C4C-4F71-89A1-01A231120302}.Release|Any CPU.ActiveCfg = Release|Any CPU
		{265DB8CE-5C4C-4F71-89A1-01A231120302}.Release|Any CPU.Build.0 = Release|Any CPU
		{4A48B7DB-6795-42A4-B824-E32475A2FC2B}.Debug|Any CPU.ActiveCfg = Debug|Any CPU
		{4A48B7DB-6795-42A4-B824-E32475A2FC2B}.Debug|Any CPU.Build.0 = Debug|Any CPU
		{4A48B7DB-6795-42A4-B824-E32475A2FC2B}.Release|Any CPU.ActiveCfg = Release|Any CPU
		{4A48B7DB-6795-42A4-B824-E32475A2FC2B}.Release|Any CPU.Build.0 = Release|Any CPU
	EndGlobalSection
	GlobalSection(SolutionProperties) = preSolution
		HideSolutionNode = FALSE
	EndGlobalSection
	GlobalSection(ExtensibilityGlobals) = postSolution
		SolutionGuid = {D2E7D381-931A-4575-B9DF-DE56801AB4E0}
	EndGlobalSection
EndGlobal
