
Microsoft Visual Studio Solution File, Format Version 12.00
# Visual Studio Version 16
VisualStudioVersion = 16.0.31321.278
MinimumVisualStudioVersion = 10.0.40219.1
Project("{FAE04EC0-301F-11D3-BF4B-00C04F79EFBC}") = "list_string_token_search", "list_string_token_search\list_string_token_search.csproj", "{4751AEDB-294E-4502-A783-1BAB6A39CE5E}"
EndProject
Project("{9A19103F-16F7-4668-BE54-9A1E7A4F7556}") = "djole_string_array_zadatak_7", "..\djole_string_array_zadatak_7\djole_string_array_zadatak_7\djole_string_array_zadatak_7.csproj", "{32802C4F-6B60-471A-89ED-B268F5C33503}"
EndProject
Global
	GlobalSection(SolutionConfigurationPlatforms) = preSolution
		Debug|Any CPU = Debug|Any CPU
		Release|Any CPU = Release|Any CPU
	EndGlobalSection
	GlobalSection(ProjectConfigurationPlatforms) = postSolution
		{4751AEDB-294E-4502-A783-1BAB6A39CE5E}.Debug|Any CPU.ActiveCfg = Debug|Any CPU
		{4751AEDB-294E-4502-A783-1BAB6A39CE5E}.Debug|Any CPU.Build.0 = Debug|Any CPU
		{4751AEDB-294E-4502-A783-1BAB6A39CE5E}.Release|Any CPU.ActiveCfg = Release|Any CPU
		{4751AEDB-294E-4502-A783-1BAB6A39CE5E}.Release|Any CPU.Build.0 = Release|Any CPU
		{32802C4F-6B60-471A-89ED-B268F5C33503}.Debug|Any CPU.ActiveCfg = Debug|Any CPU
		{32802C4F-6B60-471A-89ED-B268F5C33503}.Debug|Any CPU.Build.0 = Debug|Any CPU
		{32802C4F-6B60-471A-89ED-B268F5C33503}.Release|Any CPU.ActiveCfg = Release|Any CPU
		{32802C4F-6B60-471A-89ED-B268F5C33503}.Release|Any CPU.Build.0 = Release|Any CPU
	EndGlobalSection
	GlobalSection(SolutionProperties) = preSolution
		HideSolutionNode = FALSE
	EndGlobalSection
	GlobalSection(ExtensibilityGlobals) = postSolution
		SolutionGuid = {F860A726-5426-40BA-8CB4-115B810C390B}
	EndGlobalSection
EndGlobal
