
Microsoft Visual Studio Solution File, Format Version 12.00
# Visual Studio Version 16
VisualStudioVersion = 16.0.31129.286
MinimumVisualStudioVersion = 10.0.40219.1
Project("{9A19103F-16F7-4668-BE54-9A1E7A4F7556}") = "djole_array_zadatak6", "djole_array_zadatak6\djole_array_zadatak6.csproj", "{BA129768-062E-4FBA-AAC6-04CEA603CFA2}"
EndProject
Global
	GlobalSection(SolutionConfigurationPlatforms) = preSolution
		Debug|Any CPU = Debug|Any CPU
		Release|Any CPU = Release|Any CPU
	EndGlobalSection
	GlobalSection(ProjectConfigurationPlatforms) = postSolution
		{BA129768-062E-4FBA-AAC6-04CEA603CFA2}.Debug|Any CPU.ActiveCfg = Debug|Any CPU
		{BA129768-062E-4FBA-AAC6-04CEA603CFA2}.Debug|Any CPU.Build.0 = Debug|Any CPU
		{BA129768-062E-4FBA-AAC6-04CEA603CFA2}.Release|Any CPU.ActiveCfg = Release|Any CPU
		{BA129768-062E-4FBA-AAC6-04CEA603CFA2}.Release|Any CPU.Build.0 = Release|Any CPU
	EndGlobalSection
	GlobalSection(SolutionProperties) = preSolution
		HideSolutionNode = FALSE
	EndGlobalSection
	GlobalSection(ExtensibilityGlobals) = postSolution
		SolutionGuid = {F190416B-A07C-43BF-AD7B-7E80B016BE27}
	EndGlobalSection
EndGlobal
