
Microsoft Visual Studio Solution File, Format Version 12.00
# Visual Studio Version 16
VisualStudioVersion = 16.0.31410.357
MinimumVisualStudioVersion = 10.0.40219.1
Project("{9A19103F-16F7-4668-BE54-9A1E7A4F7556}") = "Grades_to_students_print_read_text_file", "Grades_to_students_print_read_text_file\Grades_to_students_print_read_text_file.csproj", "{C2FBE7E7-6B6C-40F0-A7CF-57A1E8BF35C1}"
EndProject
Global
	GlobalSection(SolutionConfigurationPlatforms) = preSolution
		Debug|Any CPU = Debug|Any CPU
		Release|Any CPU = Release|Any CPU
	EndGlobalSection
	GlobalSection(ProjectConfigurationPlatforms) = postSolution
		{C2FBE7E7-6B6C-40F0-A7CF-57A1E8BF35C1}.Debug|Any CPU.ActiveCfg = Debug|Any CPU
		{C2FBE7E7-6B6C-40F0-A7CF-57A1E8BF35C1}.Debug|Any CPU.Build.0 = Debug|Any CPU
		{C2FBE7E7-6B6C-40F0-A7CF-57A1E8BF35C1}.Release|Any CPU.ActiveCfg = Release|Any CPU
		{C2FBE7E7-6B6C-40F0-A7CF-57A1E8BF35C1}.Release|Any CPU.Build.0 = Release|Any CPU
	EndGlobalSection
	GlobalSection(SolutionProperties) = preSolution
		HideSolutionNode = FALSE
	EndGlobalSection
	GlobalSection(ExtensibilityGlobals) = postSolution
		SolutionGuid = {AC3907B2-0057-4F91-B948-ACC3C87FEA13}
	EndGlobalSection
EndGlobal
