
Microsoft Visual Studio Solution File, Format Version 12.00
# Visual Studio Version 16
VisualStudioVersion = 16.0.31321.278
MinimumVisualStudioVersion = 10.0.40219.1
Project("{9A19103F-16F7-4668-BE54-9A1E7A4F7556}") = "djole_string_array_zadatak_7", "..\djole_string_array_zadatak_7\djole_string_array_zadatak_7\djole_string_array_zadatak_7.csproj", "{46B26431-9AD5-4ADF-A7C0-53A527578320}"
EndProject
Global
	GlobalSection(SolutionConfigurationPlatforms) = preSolution
		Debug|Any CPU = Debug|Any CPU
		Release|Any CPU = Release|Any CPU
	EndGlobalSection
	GlobalSection(ProjectConfigurationPlatforms) = postSolution
		{46B26431-9AD5-4ADF-A7C0-53A527578320}.Debug|Any CPU.ActiveCfg = Debug|Any CPU
		{46B26431-9AD5-4ADF-A7C0-53A527578320}.Debug|Any CPU.Build.0 = Debug|Any CPU
		{46B26431-9AD5-4ADF-A7C0-53A527578320}.Release|Any CPU.ActiveCfg = Release|Any CPU
		{46B26431-9AD5-4ADF-A7C0-53A527578320}.Release|Any CPU.Build.0 = Release|Any CPU
	EndGlobalSection
	GlobalSection(SolutionProperties) = preSolution
		HideSolutionNode = FALSE
	EndGlobalSection
	GlobalSection(ExtensibilityGlobals) = postSolution
		SolutionGuid = {CAF4F36A-A1DE-4A6F-BD9F-D4377584A71D}
	EndGlobalSection
EndGlobal
